{"filter":false,"title":"Gemfile.lock","tooltip":"~/workspace/Gemfile.lock","undoManager":{"mark":-1,"position":-1,"stack":[]},"ace":{"folds":[],"scrolltop":1812,"scrollleft":0,"selection":{"start":{"row":0,"column":0},"end":{"row":0,"column":0},"isBackwards":false},"options":{"guessTabSize":true,"useWrapMode":false,"wrapToView":true},"firstLineState":{"row":128,"state":"start","mode":"ace/mode/text"}},"timestamp":1428298433367,"hash":"9b53fd9396e0bf5d8f97ccc670a862f280325ca8"}